// !$*UTF8*$!
{
	archiveVersion = 1;
	classes = {
	};
	objectVersion = 55;
	objects = {

/* Begin PBXBuildFile section */
		1C5C561F284BAD670070CB96 /* AppDelegate.swift in Sources */ = {isa = PBXBuildFile; fileRef = 1C5C561E284BAD670070CB96 /* AppDelegate.swift */; };
		1C5C5621284BAD670070CB96 /* SceneDelegate.swift in Sources */ = {isa = PBXBuildFile; fileRef = 1C5C5620284BAD670070CB96 /* SceneDelegate.swift */; };
		1C5C5623284BAD670070CB96 /* FeedViewController.swift in Sources */ = {isa = PBXBuildFile; fileRef = 1C5C5622284BAD670070CB96 /* FeedViewController.swift */; };
		1C5C5628284BAD680070CB96 /* Assets.xcassets in Resources */ = {isa = PBXBuildFile; fileRef = 1C5C5627284BAD680070CB96 /* Assets.xcassets */; };
		1C5C562B284BAD680070CB96 /* LaunchScreen.storyboard in Resources */ = {isa = PBXBuildFile; fileRef = 1C5C5629284BAD680070CB96 /* LaunchScreen.storyboard */; };
		1C5C5636284BAD690070CB96 /* Unsplash_ExTests.swift in Sources */ = {isa = PBXBuildFile; fileRef = 1C5C5635284BAD690070CB96 /* Unsplash_ExTests.swift */; };
		1C5C5640284BAD690070CB96 /* Unsplash_ExUITests.swift in Sources */ = {isa = PBXBuildFile; fileRef = 1C5C563F284BAD690070CB96 /* Unsplash_ExUITests.swift */; };
		1C5C5642284BAD690070CB96 /* Unsplash_ExUITestsLaunchTests.swift in Sources */ = {isa = PBXBuildFile; fileRef = 1C5C5641284BAD690070CB96 /* Unsplash_ExUITestsLaunchTests.swift */; };
		1C5C5650284BADF00070CB96 /* SnapKit in Frameworks */ = {isa = PBXBuildFile; productRef = 1C5C564F284BADF00070CB96 /* SnapKit */; };
		1C5C5653284BAE220070CB96 /* Kingfisher in Frameworks */ = {isa = PBXBuildFile; productRef = 1C5C5652284BAE220070CB96 /* Kingfisher */; };
		1C5C5655284BAEB50070CB96 /* FeedView.swift in Sources */ = {isa = PBXBuildFile; fileRef = 1C5C5654284BAEB50070CB96 /* FeedView.swift */; };
		1C5C5657284BAECA0070CB96 /* UnsplashType.swift in Sources */ = {isa = PBXBuildFile; fileRef = 1C5C5656284BAECA0070CB96 /* UnsplashType.swift */; };
		1C5C5659284BB1C10070CB96 /* FeedCollectionViewCell.swift in Sources */ = {isa = PBXBuildFile; fileRef = 1C5C5658284BB1C10070CB96 /* FeedCollectionViewCell.swift */; };
		1C5C565D284BB2490070CB96 /* APIKEY.plist in Resources */ = {isa = PBXBuildFile; fileRef = 1C5C565C284BB2490070CB96 /* APIKEY.plist */; };
		1C5C565F284BB27E0070CB96 /* Bundle++Extensions.swift in Sources */ = {isa = PBXBuildFile; fileRef = 1C5C565E284BB27E0070CB96 /* Bundle++Extensions.swift */; };
		1C5C5661284BBF7B0070CB96 /* APIService.swift in Sources */ = {isa = PBXBuildFile; fileRef = 1C5C5660284BBF7B0070CB96 /* APIService.swift */; };
		1C5C566B284BD3DB0070CB96 /* UIColor++Extensions.swift in Sources */ = {isa = PBXBuildFile; fileRef = 1C5C566A284BD3DB0070CB96 /* UIColor++Extensions.swift */; };
/* End PBXBuildFile section */

/* Begin PBXContainerItemProxy section */
		1C5C5632284BAD690070CB96 /* PBXContainerItemProxy */ = {
			isa = PBXContainerItemProxy;
			containerPortal = 1C5C5613284BAD670070CB96 /* Project object */;
			proxyType = 1;
			remoteGlobalIDString = 1C5C561A284BAD670070CB96;
			remoteInfo = Unsplash_Ex;
		};
		1C5C563C284BAD690070CB96 /* PBXContainerItemProxy */ = {
			isa = PBXContainerItemProxy;
			containerPortal = 1C5C5613284BAD670070CB96 /* Project object */;
			proxyType = 1;
			remoteGlobalIDString = 1C5C561A284BAD670070CB96;
			remoteInfo = Unsplash_Ex;
		};
/* End PBXContainerItemProxy section */

/* Begin PBXFileReference section */
		1C5C561B284BAD670070CB96 /* Unsplash_Ex.app */ = {isa = PBXFileReference; explicitFileType = wrapper.application; includeInIndex = 0; path = Unsplash_Ex.app; sourceTree = BUILT_PRODUCTS_DIR; };
		1C5C561E284BAD670070CB96 /* AppDelegate.swift */ = {isa = PBXFileReference; lastKnownFileType = sourcecode.swift; path = AppDelegate.swift; sourceTree = "<group>"; };
		1C5C5620284BAD670070CB96 /* SceneDelegate.swift */ = {isa = PBXFileReference; lastKnownFileType = sourcecode.swift; path = SceneDelegate.swift; sourceTree = "<group>"; };
		1C5C5622284BAD670070CB96 /* FeedViewController.swift */ = {isa = PBXFileReference; lastKnownFileType = sourcecode.swift; path = FeedViewController.swift; sourceTree = "<group>"; };
		1C5C5627284BAD680070CB96 /* Assets.xcassets */ = {isa = PBXFileReference; lastKnownFileType = folder.assetcatalog; path = Assets.xcassets; sourceTree = "<group>"; };
		1C5C562A284BAD680070CB96 /* Base */ = {isa = PBXFileReference; lastKnownFileType = file.storyboard; name = Base; path = Base.lproj/LaunchScreen.storyboard; sourceTree = "<group>"; };
		1C5C562C284BAD680070CB96 /* Info.plist */ = {isa = PBXFileReference; lastKnownFileType = text.plist.xml; path = Info.plist; sourceTree = "<group>"; };
		1C5C5631284BAD690070CB96 /* Unsplash_ExTests.xctest */ = {isa = PBXFileReference; explicitFileType = wrapper.cfbundle; includeInIndex = 0; path = Unsplash_ExTests.xctest; sourceTree = BUILT_PRODUCTS_DIR; };
		1C5C5635284BAD690070CB96 /* Unsplash_ExTests.swift */ = {isa = PBXFileReference; lastKnownFileType = sourcecode.swift; path = Unsplash_ExTests.swift; sourceTree = "<group>"; };
		1C5C563B284BAD690070CB96 /* Unsplash_ExUITests.xctest */ = {isa = PBXFileReference; explicitFileType = wrapper.cfbundle; includeInIndex = 0; path = Unsplash_ExUITests.xctest; sourceTree = BUILT_PRODUCTS_DIR; };
		1C5C563F284BAD690070CB96 /* Unsplash_ExUITests.swift */ = {isa = PBXFileReference; lastKnownFileType = sourcecode.swift; path = Unsplash_ExUITests.swift; sourceTree = "<group>"; };
		1C5C5641284BAD690070CB96 /* Unsplash_ExUITestsLaunchTests.swift */ = {isa = PBXFileReference; lastKnownFileType = sourcecode.swift; path = Unsplash_ExUITestsLaunchTests.swift; sourceTree = "<group>"; };
		1C5C5654284BAEB50070CB96 /* FeedView.swift */ = {isa = PBXFileReference; lastKnownFileType = sourcecode.swift; path = FeedView.swift; sourceTree = "<group>"; };
		1C5C5656284BAECA0070CB96 /* UnsplashType.swift */ = {isa = PBXFileReference; lastKnownFileType = sourcecode.swift; path = UnsplashType.swift; sourceTree = "<group>"; };
		1C5C5658284BB1C10070CB96 /* FeedCollectionViewCell.swift */ = {isa = PBXFileReference; lastKnownFileType = sourcecode.swift; path = FeedCollectionViewCell.swift; sourceTree = "<group>"; };
		1C5C565C284BB2490070CB96 /* APIKEY.plist */ = {isa = PBXFileReference; lastKnownFileType = text.plist.xml; path = APIKEY.plist; sourceTree = "<group>"; };
		1C5C565E284BB27E0070CB96 /* Bundle++Extensions.swift */ = {isa = PBXFileReference; lastKnownFileType = sourcecode.swift; path = "Bundle++Extensions.swift"; sourceTree = "<group>"; };
		1C5C5660284BBF7B0070CB96 /* APIService.swift */ = {isa = PBXFileReference; lastKnownFileType = sourcecode.swift; path = APIService.swift; sourceTree = "<group>"; };
		1C5C566A284BD3DB0070CB96 /* UIColor++Extensions.swift */ = {isa = PBXFileReference; lastKnownFileType = sourcecode.swift; path = "UIColor++Extensions.swift"; sourceTree = "<group>"; };
/* End PBXFileReference section */

/* Begin PBXFrameworksBuildPhase section */
		1C5C5618284BAD670070CB96 /* Frameworks */ = {
			isa = PBXFrameworksBuildPhase;
			buildActionMask = 2147483647;
			files = (
				1C5C5653284BAE220070CB96 /* Kingfisher in Frameworks */,
				1C5C5650284BADF00070CB96 /* SnapKit in Frameworks */,
			);
			runOnlyForDeploymentPostprocessing = 0;
		};
		1C5C562E284BAD690070CB96 /* Frameworks */ = {
			isa = PBXFrameworksBuildPhase;
			buildActionMask = 2147483647;
			files = (
			);
			runOnlyForDeploymentPostprocessing = 0;
		};
		1C5C5638284BAD690070CB96 /* Frameworks */ = {
			isa = PBXFrameworksBuildPhase;
			buildActionMask = 2147483647;
			files = (
			);
			runOnlyForDeploymentPostprocessing = 0;
		};
/* End PBXFrameworksBuildPhase section */

/* Begin PBXGroup section */
		1C5C5612284BAD670070CB96 = {
			isa = PBXGroup;
			children = (
				1C5C561D284BAD670070CB96 /* Unsplash_Ex */,
				1C5C5634284BAD690070CB96 /* Unsplash_ExTests */,
				1C5C563E284BAD690070CB96 /* Unsplash_ExUITests */,
				1C5C561C284BAD670070CB96 /* Products */,
			);
			sourceTree = "<group>";
		};
		1C5C561C284BAD670070CB96 /* Products */ = {
			isa = PBXGroup;
			children = (
				1C5C561B284BAD670070CB96 /* Unsplash_Ex.app */,
				1C5C5631284BAD690070CB96 /* Unsplash_ExTests.xctest */,
				1C5C563B284BAD690070CB96 /* Unsplash_ExUITests.xctest */,
			);
			name = Products;
			sourceTree = "<group>";
		};
		1C5C561D284BAD670070CB96 /* Unsplash_Ex */ = {
			isa = PBXGroup;
			children = (
				1C5C5666284BD2AD0070CB96 /* Resources */,
				1C5C5667284BD2B90070CB96 /* Sources */,
				1C5C5668284BD2C80070CB96 /* Supporting Files */,
			);
			path = Unsplash_Ex;
			sourceTree = "<group>";
		};
		1C5C5634284BAD690070CB96 /* Unsplash_ExTests */ = {
			isa = PBXGroup;
			children = (
				1C5C5635284BAD690070CB96 /* Unsplash_ExTests.swift */,
			);
			path = Unsplash_ExTests;
			sourceTree = "<group>";
		};
		1C5C563E284BAD690070CB96 /* Unsplash_ExUITests */ = {
			isa = PBXGroup;
			children = (
				1C5C563F284BAD690070CB96 /* Unsplash_ExUITests.swift */,
				1C5C5641284BAD690070CB96 /* Unsplash_ExUITestsLaunchTests.swift */,
			);
			path = Unsplash_ExUITests;
			sourceTree = "<group>";
		};
		1C5C5662284BD2800070CB96 /* Views */ = {
			isa = PBXGroup;
			children = (
				1C5C5654284BAEB50070CB96 /* FeedView.swift */,
				1C5C5658284BB1C10070CB96 /* FeedCollectionViewCell.swift */,
			);
			path = Views;
			sourceTree = "<group>";
		};
		1C5C5663284BD2870070CB96 /* Model */ = {
			isa = PBXGroup;
			children = (
				1C5C5656284BAECA0070CB96 /* UnsplashType.swift */,
			);
			path = Model;
			sourceTree = "<group>";
		};
		1C5C5664284BD2920070CB96 /* Service */ = {
			isa = PBXGroup;
			children = (
				1C5C5660284BBF7B0070CB96 /* APIService.swift */,
			);
			path = Service;
			sourceTree = "<group>";
		};
		1C5C5665284BD29A0070CB96 /* Extension */ = {
			isa = PBXGroup;
			children = (
				1C5C565E284BB27E0070CB96 /* Bundle++Extensions.swift */,
				1C5C566A284BD3DB0070CB96 /* UIColor++Extensions.swift */,
			);
			path = Extension;
			sourceTree = "<group>";
		};
		1C5C5666284BD2AD0070CB96 /* Resources */ = {
			isa = PBXGroup;
			children = (
				1C5C5627284BAD680070CB96 /* Assets.xcassets */,
				1C5C5629284BAD680070CB96 /* LaunchScreen.storyboard */,
			);
			path = Resources;
			sourceTree = "<group>";
		};
		1C5C5667284BD2B90070CB96 /* Sources */ = {
			isa = PBXGroup;
			children = (
				1C5C561E284BAD670070CB96 /* AppDelegate.swift */,
				1C5C5620284BAD670070CB96 /* SceneDelegate.swift */,
				1C5C5665284BD29A0070CB96 /* Extension */,
				1C5C5664284BD2920070CB96 /* Service */,
				1C5C5663284BD2870070CB96 /* Model */,
				1C5C5662284BD2800070CB96 /* Views */,
				1C5C5669284BD2DB0070CB96 /* Controllers */,
			);
			path = Sources;
			sourceTree = "<group>";
		};
		1C5C5668284BD2C80070CB96 /* Supporting Files */ = {
			isa = PBXGroup;
			children = (
				1C5C565C284BB2490070CB96 /* APIKEY.plist */,
				1C5C562C284BAD680070CB96 /* Info.plist */,
			);
			path = "Supporting Files";
			sourceTree = "<group>";
		};
		1C5C5669284BD2DB0070CB96 /* Controllers */ = {
			isa = PBXGroup;
			children = (
				1C5C5622284BAD670070CB96 /* FeedViewController.swift */,
			);
			path = Controllers;
			sourceTree = "<group>";
		};
/* End PBXGroup section */

/* Begin PBXNativeTarget section */
		1C5C561A284BAD670070CB96 /* Unsplash_Ex */ = {
			isa = PBXNativeTarget;
			buildConfigurationList = 1C5C5645284BAD690070CB96 /* Build configuration list for PBXNativeTarget "Unsplash_Ex" */;
			buildPhases = (
				1C5C5617284BAD670070CB96 /* Sources */,
				1C5C5618284BAD670070CB96 /* Frameworks */,
				1C5C5619284BAD670070CB96 /* Resources */,
			);
			buildRules = (
			);
			dependencies = (
			);
			name = Unsplash_Ex;
			packageProductDependencies = (
				1C5C564F284BADF00070CB96 /* SnapKit */,
				1C5C5652284BAE220070CB96 /* Kingfisher */,
			);
			productName = Unsplash_Ex;
			productReference = 1C5C561B284BAD670070CB96 /* Unsplash_Ex.app */;
			productType = "com.apple.product-type.application";
		};
		1C5C5630284BAD690070CB96 /* Unsplash_ExTests */ = {
			isa = PBXNativeTarget;
			buildConfigurationList = 1C5C5648284BAD690070CB96 /* Build configuration list for PBXNativeTarget "Unsplash_ExTests" */;
			buildPhases = (
				1C5C562D284BAD690070CB96 /* Sources */,
				1C5C562E284BAD690070CB96 /* Frameworks */,
				1C5C562F284BAD690070CB96 /* Resources */,
			);
			buildRules = (
			);
			dependencies = (
				1C5C5633284BAD690070CB96 /* PBXTargetDependency */,
			);
			name = Unsplash_ExTests;
			productName = Unsplash_ExTests;
			productReference = 1C5C5631284BAD690070CB96 /* Unsplash_ExTests.xctest */;
			productType = "com.apple.product-type.bundle.unit-test";
		};
		1C5C563A284BAD690070CB96 /* Unsplash_ExUITests */ = {
			isa = PBXNativeTarget;
			buildConfigurationList = 1C5C564B284BAD690070CB96 /* Build configuration list for PBXNativeTarget "Unsplash_ExUITests" */;
			buildPhases = (
				1C5C5637284BAD690070CB96 /* Sources */,
				1C5C5638284BAD690070CB96 /* Frameworks */,
				1C5C5639284BAD690070CB96 /* Resources */,
			);
			buildRules = (
			);
			dependencies = (
				1C5C563D284BAD690070CB96 /* PBXTargetDependency */,
			);
			name = Unsplash_ExUITests;
			productName = Unsplash_ExUITests;
			productReference = 1C5C563B284BAD690070CB96 /* Unsplash_ExUITests.xctest */;
			productType = "com.apple.product-type.bundle.ui-testing";
		};
/* End PBXNativeTarget section */

/* Begin PBXProject section */
		1C5C5613284BAD670070CB96 /* Project object */ = {
			isa = PBXProject;
			attributes = {
				BuildIndependentTargetsInParallel = 1;
				LastSwiftUpdateCheck = 1340;
				LastUpgradeCheck = 1340;
				TargetAttributes = {
					1C5C561A284BAD670070CB96 = {
						CreatedOnToolsVersion = 13.4.1;
					};
					1C5C5630284BAD690070CB96 = {
						CreatedOnToolsVersion = 13.4.1;
						TestTargetID = 1C5C561A284BAD670070CB96;
					};
					1C5C563A284BAD690070CB96 = {
						CreatedOnToolsVersion = 13.4.1;
						TestTargetID = 1C5C561A284BAD670070CB96;
					};
				};
			};
			buildConfigurationList = 1C5C5616284BAD670070CB96 /* Build configuration list for PBXProject "Unsplash_Ex" */;
			compatibilityVersion = "Xcode 13.0";
			developmentRegion = en;
			hasScannedForEncodings = 0;
			knownRegions = (
				en,
				Base,
			);
			mainGroup = 1C5C5612284BAD670070CB96;
			packageReferences = (
				1C5C564E284BADF00070CB96 /* XCRemoteSwiftPackageReference "SnapKit" */,
				1C5C5651284BAE220070CB96 /* XCRemoteSwiftPackageReference "Kingfisher" */,
			);
			productRefGroup = 1C5C561C284BAD670070CB96 /* Products */;
			projectDirPath = "";
			projectRoot = "";
			targets = (
				1C5C561A284BAD670070CB96 /* Unsplash_Ex */,
				1C5C5630284BAD690070CB96 /* Unsplash_ExTests */,
				1C5C563A284BAD690070CB96 /* Unsplash_ExUITests */,
			);
		};
/* End PBXProject section */

/* Begin PBXResourcesBuildPhase section */
		1C5C5619284BAD670070CB96 /* Resources */ = {
			isa = PBXResourcesBuildPhase;
			buildActionMask = 2147483647;
			files = (
				1C5C562B284BAD680070CB96 /* LaunchScreen.storyboard in Resources */,
				1C5C5628284BAD680070CB96 /* Assets.xcassets in Resources */,
				1C5C565D284BB2490070CB96 /* APIKEY.plist in Resources */,
			);
			runOnlyForDeploymentPostprocessing = 0;
		};
		1C5C562F284BAD690070CB96 /* Resources */ = {
			isa = PBXResourcesBuildPhase;
			buildActionMask = 2147483647;
			files = (
			);
			runOnlyForDeploymentPostprocessing = 0;
		};
		1C5C5639284BAD690070CB96 /* Resources */ = {
			isa = PBXResourcesBuildPhase;
			buildActionMask = 2147483647;
			files = (
			);
			runOnlyForDeploymentPostprocessing = 0;
		};
/* End PBXResourcesBuildPhase section */

/* Begin PBXSourcesBuildPhase section */
		1C5C5617284BAD670070CB96 /* Sources */ = {
			isa = PBXSourcesBuildPhase;
			buildActionMask = 2147483647;
			files = (
				1C5C5655284BAEB50070CB96 /* FeedView.swift in Sources */,
				1C5C5657284BAECA0070CB96 /* UnsplashType.swift in Sources */,
				1C5C5659284BB1C10070CB96 /* FeedCollectionViewCell.swift in Sources */,
				1C5C565F284BB27E0070CB96 /* Bundle++Extensions.swift in Sources */,
				1C5C566B284BD3DB0070CB96 /* UIColor++Extensions.swift in Sources */,
				1C5C5623284BAD670070CB96 /* FeedViewController.swift in Sources */,
				1C5C561F284BAD670070CB96 /* AppDelegate.swift in Sources */,
				1C5C5661284BBF7B0070CB96 /* APIService.swift in Sources */,
				1C5C5621284BAD670070CB96 /* SceneDelegate.swift in Sources */,
			);
			runOnlyForDeploymentPostprocessing = 0;
		};
		1C5C562D284BAD690070CB96 /* Sources */ = {
			isa = PBXSourcesBuildPhase;
			buildActionMask = 2147483647;
			files = (
				1C5C5636284BAD690070CB96 /* Unsplash_ExTests.swift in Sources */,
			);
			runOnlyForDeploymentPostprocessing = 0;
		};
		1C5C5637284BAD690070CB96 /* Sources */ = {
			isa = PBXSourcesBuildPhase;
			buildActionMask = 2147483647;
			files = (
				1C5C5640284BAD690070CB96 /* Unsplash_ExUITests.swift in Sources */,
				1C5C5642284BAD690070CB96 /* Unsplash_ExUITestsLaunchTests.swift in Sources */,
			);
			runOnlyForDeploymentPostprocessing = 0;
		};
/* End PBXSourcesBuildPhase section */

/* Begin PBXTargetDependency section */
		1C5C5633284BAD690070CB96 /* PBXTargetDependency */ = {
			isa = PBXTargetDependency;
			target = 1C5C561A284BAD670070CB96 /* Unsplash_Ex */;
			targetProxy = 1C5C5632284BAD690070CB96 /* PBXContainerItemProxy */;
		};
		1C5C563D284BAD690070CB96 /* PBXTargetDependency */ = {
			isa = PBXTargetDependency;
			target = 1C5C561A284BAD670070CB96 /* Unsplash_Ex */;
			targetProxy = 1C5C563C284BAD690070CB96 /* PBXContainerItemProxy */;
		};
/* End PBXTargetDependency section */

/* Begin PBXVariantGroup section */
		1C5C5629284BAD680070CB96 /* LaunchScreen.storyboard */ = {
			isa = PBXVariantGroup;
			children = (
				1C5C562A284BAD680070CB96 /* Base */,
			);
			name = LaunchScreen.storyboard;
			sourceTree = "<group>";
		};
/* End PBXVariantGroup section */

/* Begin XCBuildConfiguration section */
		1C5C5643284BAD690070CB96 /* Debug */ = {
			isa = XCBuildConfiguration;
			buildSettings = {
				ALWAYS_SEARCH_USER_PATHS = NO;
				CLANG_ANALYZER_NONNULL = YES;
				CLANG_ANALYZER_NUMBER_OBJECT_CONVERSION = YES_AGGRESSIVE;
				CLANG_CXX_LANGUAGE_STANDARD = "gnu++17";
				CLANG_ENABLE_MODULES = YES;
				CLANG_ENABLE_OBJC_ARC = YES;
				CLANG_ENABLE_OBJC_WEAK = YES;
				CLANG_WARN_BLOCK_CAPTURE_AUTORELEASING = YES;
				CLANG_WARN_BOOL_CONVERSION = YES;
				CLANG_WARN_COMMA = YES;
				CLANG_WARN_CONSTANT_CONVERSION = YES;
				CLANG_WARN_DEPRECATED_OBJC_IMPLEMENTATIONS = YES;
				CLANG_WARN_DIRECT_OBJC_ISA_USAGE = YES_ERROR;
				CLANG_WARN_DOCUMENTATION_COMMENTS = YES;
				CLANG_WARN_EMPTY_BODY = YES;
				CLANG_WARN_ENUM_CONVERSION = YES;
				CLANG_WARN_INFINITE_RECURSION = YES;
				CLANG_WARN_INT_CONVERSION = YES;
				CLANG_WARN_NON_LITERAL_NULL_CONVERSION = YES;
				CLANG_WARN_OBJC_IMPLICIT_RETAIN_SELF = YES;
				CLANG_WARN_OBJC_LITERAL_CONVERSION = YES;
				CLANG_WARN_OBJC_ROOT_CLASS = YES_ERROR;
				CLANG_WARN_QUOTED_INCLUDE_IN_FRAMEWORK_HEADER = YES;
				CLANG_WARN_RANGE_LOOP_ANALYSIS = YES;
				CLANG_WARN_STRICT_PROTOTYPES = YES;
				CLANG_WARN_SUSPICIOUS_MOVE = YES;
				CLANG_WARN_UNGUARDED_AVAILABILITY = YES_AGGRESSIVE;
				CLANG_WARN_UNREACHABLE_CODE = YES;
				CLANG_WARN__DUPLICATE_METHOD_MATCH = YES;
				COPY_PHASE_STRIP = NO;
				DEBUG_INFORMATION_FORMAT = dwarf;
				ENABLE_STRICT_OBJC_MSGSEND = YES;
				ENABLE_TESTABILITY = YES;
				GCC_C_LANGUAGE_STANDARD = gnu11;
				GCC_DYNAMIC_NO_PIC = NO;
				GCC_NO_COMMON_BLOCKS = YES;
				GCC_OPTIMIZATION_LEVEL = 0;
				GCC_PREPROCESSOR_DEFINITIONS = (
					"DEBUG=1",
					"$(inherited)",
				);
				GCC_WARN_64_TO_32_BIT_CONVERSION = YES;
				GCC_WARN_ABOUT_RETURN_TYPE = YES_ERROR;
				GCC_WARN_UNDECLARED_SELECTOR = YES;
				GCC_WARN_UNINITIALIZED_AUTOS = YES_AGGRESSIVE;
				GCC_WARN_UNUSED_FUNCTION = YES;
				GCC_WARN_UNUSED_VARIABLE = YES;
				IPHONEOS_DEPLOYMENT_TARGET = 15.5;
				MTL_ENABLE_DEBUG_INFO = INCLUDE_SOURCE;
				MTL_FAST_MATH = YES;
				ONLY_ACTIVE_ARCH = YES;
				SDKROOT = iphoneos;
				SWIFT_ACTIVE_COMPILATION_CONDITIONS = DEBUG;
				SWIFT_OPTIMIZATION_LEVEL = "-Onone";
			};
			name = Debug;
		};
		1C5C5644284BAD690070CB96 /* Release */ = {
			isa = XCBuildConfiguration;
			buildSettings = {
				ALWAYS_SEARCH_USER_PATHS = NO;
				CLANG_ANALYZER_NONNULL = YES;
				CLANG_ANALYZER_NUMBER_OBJECT_CONVERSION = YES_AGGRESSIVE;
				CLANG_CXX_LANGUAGE_STANDARD = "gnu++17";
				CLANG_ENABLE_MODULES = YES;
				CLANG_ENABLE_OBJC_ARC = YES;
				CLANG_ENABLE_OBJC_WEAK = YES;
				CLANG_WARN_BLOCK_CAPTURE_AUTORELEASING = YES;
				CLANG_WARN_BOOL_CONVERSION = YES;
				CLANG_WARN_COMMA = YES;
				CLANG_WARN_CONSTANT_CONVERSION = YES;
				CLANG_WARN_DEPRECATED_OBJC_IMPLEMENTATIONS = YES;
				CLANG_WARN_DIRECT_OBJC_ISA_USAGE = YES_ERROR;
				CLANG_WARN_DOCUMENTATION_COMMENTS = YES;
				CLANG_WARN_EMPTY_BODY = YES;
				CLANG_WARN_ENUM_CONVERSION = YES;
				CLANG_WARN_INFINITE_RECURSION = YES;
				CLANG_WARN_INT_CONVERSION = YES;
				CLANG_WARN_NON_LITERAL_NULL_CONVERSION = YES;
				CLANG_WARN_OBJC_IMPLICIT_RETAIN_SELF = YES;
				CLANG_WARN_OBJC_LITERAL_CONVERSION = YES;
				CLANG_WARN_OBJC_ROOT_CLASS = YES_ERROR;
				CLANG_WARN_QUOTED_INCLUDE_IN_FRAMEWORK_HEADER = YES;
				CLANG_WARN_RANGE_LOOP_ANALYSIS = YES;
				CLANG_WARN_STRICT_PROTOTYPES = YES;
				CLANG_WARN_SUSPICIOUS_MOVE = YES;
				CLANG_WARN_UNGUARDED_AVAILABILITY = YES_AGGRESSIVE;
				CLANG_WARN_UNREACHABLE_CODE = YES;
				CLANG_WARN__DUPLICATE_METHOD_MATCH = YES;
				COPY_PHASE_STRIP = NO;
				DEBUG_INFORMATION_FORMAT = "dwarf-with-dsym";
				ENABLE_NS_ASSERTIONS = NO;
				ENABLE_STRICT_OBJC_MSGSEND = YES;
				GCC_C_LANGUAGE_STANDARD = gnu11;
				GCC_NO_COMMON_BLOCKS = YES;
				GCC_WARN_64_TO_32_BIT_CONVERSION = YES;
				GCC_WARN_ABOUT_RETURN_TYPE = YES_ERROR;
				GCC_WARN_UNDECLARED_SELECTOR = YES;
				GCC_WARN_UNINITIALIZED_AUTOS = YES_AGGRESSIVE;
				GCC_WARN_UNUSED_FUNCTION = YES;
				GCC_WARN_UNUSED_VARIABLE = YES;
				IPHONEOS_DEPLOYMENT_TARGET = 15.5;
				MTL_ENABLE_DEBUG_INFO = NO;
				MTL_FAST_MATH = YES;
				SDKROOT = iphoneos;
				SWIFT_COMPILATION_MODE = wholemodule;
				SWIFT_OPTIMIZATION_LEVEL = "-O";
				VALIDATE_PRODUCT = YES;
			};
			name = Release;
		};
		1C5C5646284BAD690070CB96 /* Debug */ = {
			isa = XCBuildConfiguration;
			buildSettings = {
				ASSETCATALOG_COMPILER_APPICON_NAME = AppIcon;
				ASSETCATALOG_COMPILER_GLOBAL_ACCENT_COLOR_NAME = AccentColor;
				CODE_SIGN_STYLE = Automatic;
				CURRENT_PROJECT_VERSION = 1;
				DEVELOPMENT_TEAM = 5LZNHGFB8C;
				GENERATE_INFOPLIST_FILE = YES;
				INFOPLIST_FILE = "Unsplash_Ex/Supporting Files/Info.plist";
				INFOPLIST_KEY_UIApplicationSupportsIndirectInputEvents = YES;
				INFOPLIST_KEY_UILaunchStoryboardName = LaunchScreen;
				INFOPLIST_KEY_UISupportedInterfaceOrientations_iPad = "UIInterfaceOrientationPortrait UIInterfaceOrientationPortraitUpsideDown UIInterfaceOrientationLandscapeLeft UIInterfaceOrientationLandscapeRight";
				INFOPLIST_KEY_UISupportedInterfaceOrientations_iPhone = "UIInterfaceOrientationPortrait UIInterfaceOrientationLandscapeLeft UIInterfaceOrientationLandscapeRight";
				LD_RUNPATH_SEARCH_PATHS = (
					"$(inherited)",
					"@executable_path/Frameworks",
				);
				MARKETING_VERSION = 1.0;
				PRODUCT_BUNDLE_IDENTIFIER = "KEEN.Unsplash-Ex";
				PRODUCT_NAME = "$(TARGET_NAME)";
				SWIFT_EMIT_LOC_STRINGS = YES;
				SWIFT_VERSION = 5.0;
				TARGETED_DEVICE_FAMILY = 1;
			};
			name = Debug;
		};
		1C5C5647284BAD690070CB96 /* Release */ = {
			isa = XCBuildConfiguration;
			buildSettings = {
				ASSETCATALOG_COMPILER_APPICON_NAME = AppIcon;
				ASSETCATALOG_COMPILER_GLOBAL_ACCENT_COLOR_NAME = AccentColor;
				CODE_SIGN_STYLE = Automatic;
				CURRENT_PROJECT_VERSION = 1;
				DEVELOPMENT_TEAM = 5LZNHGFB8C;
				GENERATE_INFOPLIST_FILE = YES;
				INFOPLIST_FILE = "Unsplash_Ex/Supporting Files/Info.plist";
				INFOPLIST_KEY_UIApplicationSupportsIndirectInputEvents = YES;
				INFOPLIST_KEY_UILaunchStoryboardName = LaunchScreen;
				INFOPLIST_KEY_UISupportedInterfaceOrientations_iPad = "UIInterfaceOrientationPortrait UIInterfaceOrientationPortraitUpsideDown UIInterfaceOrientationLandscapeLeft UIInterfaceOrientationLandscapeRight";
				INFOPLIST_KEY_UISupportedInterfaceOrientations_iPhone = "UIInterfaceOrientationPortrait UIInterfaceOrientationLandscapeLeft UIInterfaceOrientationLandscapeRight";
				LD_RUNPATH_SEARCH_PATHS = (
					"$(inherited)",
					"@executable_path/Frameworks",
				);
				MARKETING_VERSION = 1.0;
				PRODUCT_BUNDLE_IDENTIFIER = "KEEN.Unsplash-Ex";
				PRODUCT_NAME = "$(TARGET_NAME)";
				SWIFT_EMIT_LOC_STRINGS = YES;
				SWIFT_VERSION = 5.0;
				TARGETED_DEVICE_FAMILY = 1;
			};
			name = Release;
		};
		1C5C5649284BAD690070CB96 /* Debug */ = {
			isa = XCBuildConfiguration;
			buildSettings = {
				ALWAYS_EMBED_SWIFT_STANDARD_LIBRARIES = YES;
				BUNDLE_LOADER = "$(TEST_HOST)";
				CODE_SIGN_STYLE = Automatic;
				CURRENT_PROJECT_VERSION = 1;
				DEVELOPMENT_TEAM = 5LZNHGFB8C;
				GENERATE_INFOPLIST_FILE = YES;
				IPHONEOS_DEPLOYMENT_TARGET = 15.5;
				MARKETING_VERSION = 1.0;
				PRODUCT_BUNDLE_IDENTIFIER = "KEEN.Unsplash-ExTests";
				PRODUCT_NAME = "$(TARGET_NAME)";
				SWIFT_EMIT_LOC_STRINGS = NO;
				SWIFT_VERSION = 5.0;
				TARGETED_DEVICE_FAMILY = "1,2";
				TEST_HOST = "$(BUILT_PRODUCTS_DIR)/Unsplash_Ex.app/Unsplash_Ex";
			};
			name = Debug;
		};
		1C5C564A284BAD690070CB96 /* Release */ = {
			isa = XCBuildConfiguration;
			buildSettings = {
				ALWAYS_EMBED_SWIFT_STANDARD_LIBRARIES = YES;
				BUNDLE_LOADER = "$(TEST_HOST)";
				CODE_SIGN_STYLE = Automatic;
				CURRENT_PROJECT_VERSION = 1;
				DEVELOPMENT_TEAM = 5LZNHGFB8C;
				GENERATE_INFOPLIST_FILE = YES;
				IPHONEOS_DEPLOYMENT_TARGET = 15.5;
				MARKETING_VERSION = 1.0;
				PRODUCT_BUNDLE_IDENTIFIER = "KEEN.Unsplash-ExTests";
				PRODUCT_NAME = "$(TARGET_NAME)";
				SWIFT_EMIT_LOC_STRINGS = NO;
				SWIFT_VERSION = 5.0;
				TARGETED_DEVICE_FAMILY = "1,2";
				TEST_HOST = "$(BUILT_PRODUCTS_DIR)/Unsplash_Ex.app/Unsplash_Ex";
			};
			name = Release;
		};
		1C5C564C284BAD690070CB96 /* Debug */ = {
			isa = XCBuildConfiguration;
			buildSettings = {
				ALWAYS_EMBED_SWIFT_STANDARD_LIBRARIES = YES;
				CODE_SIGN_STYLE = Automatic;
				CURRENT_PROJECT_VERSION = 1;
				DEVELOPMENT_TEAM = 5LZNHGFB8C;
				GENERATE_INFOPLIST_FILE = YES;
				MARKETING_VERSION = 1.0;
				PRODUCT_BUNDLE_IDENTIFIER = "KEEN.Unsplash-ExUITests";
				PRODUCT_NAME = "$(TARGET_NAME)";
				SWIFT_EMIT_LOC_STRINGS = NO;
				SWIFT_VERSION = 5.0;
				TARGETED_DEVICE_FAMILY = "1,2";
				TEST_TARGET_NAME = Unsplash_Ex;
			};
			name = Debug;
		};
		1C5C564D284BAD690070CB96 /* Release */ = {
			isa = XCBuildConfiguration;
			buildSettings = {
				ALWAYS_EMBED_SWIFT_STANDARD_LIBRARIES = YES;
				CODE_SIGN_STYLE = Automatic;
				CURRENT_PROJECT_VERSION = 1;
				DEVELOPMENT_TEAM = 5LZNHGFB8C;
				GENERATE_INFOPLIST_FILE = YES;
				MARKETING_VERSION = 1.0;
				PRODUCT_BUNDLE_IDENTIFIER = "KEEN.Unsplash-ExUITests";
				PRODUCT_NAME = "$(TARGET_NAME)";
				SWIFT_EMIT_LOC_STRINGS = NO;
				SWIFT_VERSION = 5.0;
				TARGETED_DEVICE_FAMILY = "1,2";
				TEST_TARGET_NAME = Unsplash_Ex;
			};
			name = Release;
		};
/* End XCBuildConfiguration section */

/* Begin XCConfigurationList section */
		1C5C5616284BAD670070CB96 /* Build configuration list for PBXProject "Unsplash_Ex" */ = {
			isa = XCConfigurationList;
			buildConfigurations = (
				1C5C5643284BAD690070CB96 /* Debug */,
				1C5C5644284BAD690070CB96 /* Release */,
			);
			defaultConfigurationIsVisible = 0;
			defaultConfigurationName = Release;
		};
		1C5C5645284BAD690070CB96 /* Build configuration list for PBXNativeTarget "Unsplash_Ex" */ = {
			isa = XCConfigurationList;
			buildConfigurations = (
				1C5C5646284BAD690070CB96 /* Debug */,
				1C5C5647284BAD690070CB96 /* Release */,
			);
			defaultConfigurationIsVisible = 0;
			defaultConfigurationName = Release;
		};
		1C5C5648284BAD690070CB96 /* Build configuration list for PBXNativeTarget "Unsplash_ExTests" */ = {
			isa = XCConfigurationList;
			buildConfigurations = (
				1C5C5649284BAD690070CB96 /* Debug */,
				1C5C564A284BAD690070CB96 /* Release */,
			);
			defaultConfigurationIsVisible = 0;
			defaultConfigurationName = Release;
		};
		1C5C564B284BAD690070CB96 /* Build configuration list for PBXNativeTarget "Unsplash_ExUITests" */ = {
			isa = XCConfigurationList;
			buildConfigurations = (
				1C5C564C284BAD690070CB96 /* Debug */,
				1C5C564D284BAD690070CB96 /* Release */,
			);
			defaultConfigurationIsVisible = 0;
			defaultConfigurationName = Release;
		};
/* End XCConfigurationList section */

/* Begin XCRemoteSwiftPackageReference section */
		1C5C564E284BADF00070CB96 /* XCRemoteSwiftPackageReference "SnapKit" */ = {
			isa = XCRemoteSwiftPackageReference;
			repositoryURL = "https://github.com/SnapKit/SnapKit.git";
			requirement = {
				kind = upToNextMajorVersion;
				minimumVersion = 5.0.0;
			};
		};
		1C5C5651284BAE220070CB96 /* XCRemoteSwiftPackageReference "Kingfisher" */ = {
			isa = XCRemoteSwiftPackageReference;
			repositoryURL = "https://github.com/onevcat/Kingfisher";
			requirement = {
				kind = upToNextMajorVersion;
				minimumVersion = 7.0.0;
			};
		};
/* End XCRemoteSwiftPackageReference section */

/* Begin XCSwiftPackageProductDependency section */
		1C5C564F284BADF00070CB96 /* SnapKit */ = {
			isa = XCSwiftPackageProductDependency;
			package = 1C5C564E284BADF00070CB96 /* XCRemoteSwiftPackageReference "SnapKit" */;
			productName = SnapKit;
		};
		1C5C5652284BAE220070CB96 /* Kingfisher */ = {
			isa = XCSwiftPackageProductDependency;
			package = 1C5C5651284BAE220070CB96 /* XCRemoteSwiftPackageReference "Kingfisher" */;
			productName = Kingfisher;
		};
/* End XCSwiftPackageProductDependency section */
	};
	rootObject = 1C5C5613284BAD670070CB96 /* Project object */;
}
