// !$*UTF8*$!
{
	archiveVersion = 1;
	classes = {
	};
	objectVersion = 55;
	objects = {

/* Begin PBXBuildFile section */
		1CC9C18B2826BDFF00E108DE /* AppDelegate.swift in Sources */ = {isa = PBXBuildFile; fileRef = 1CC9C18A2826BDFF00E108DE /* AppDelegate.swift */; };
		1CC9C18D2826BDFF00E108DE /* SceneDelegate.swift in Sources */ = {isa = PBXBuildFile; fileRef = 1CC9C18C2826BDFF00E108DE /* SceneDelegate.swift */; };
		1CC9C1942826BE0100E108DE /* Assets.xcassets in Resources */ = {isa = PBXBuildFile; fileRef = 1CC9C1932826BE0100E108DE /* Assets.xcassets */; };
		1CC9C1972826BE0100E108DE /* LaunchScreen.storyboard in Resources */ = {isa = PBXBuildFile; fileRef = 1CC9C1952826BE0100E108DE /* LaunchScreen.storyboard */; };
		1CC9C1A22826C0D300E108DE /* SearchViewController.swift in Sources */ = {isa = PBXBuildFile; fileRef = 1CC9C1A12826C0D300E108DE /* SearchViewController.swift */; };
		1CC9C1A42826C0E900E108DE /* BaseViewController.swift in Sources */ = {isa = PBXBuildFile; fileRef = 1CC9C1A32826C0E900E108DE /* BaseViewController.swift */; };
		1CC9C1A62826C11A00E108DE /* BookListView.swift in Sources */ = {isa = PBXBuildFile; fileRef = 1CC9C1A52826C11A00E108DE /* BookListView.swift */; };
		1CC9C1A92826C12E00E108DE /* SnapKit in Frameworks */ = {isa = PBXBuildFile; productRef = 1CC9C1A82826C12E00E108DE /* SnapKit */; };
		1CC9C1AC2826C13A00E108DE /* Kingfisher in Frameworks */ = {isa = PBXBuildFile; productRef = 1CC9C1AB2826C13A00E108DE /* Kingfisher */; };
		1CC9C1AF2826C14F00E108DE /* Alamofire in Frameworks */ = {isa = PBXBuildFile; productRef = 1CC9C1AE2826C14F00E108DE /* Alamofire */; };
		1CC9C1B12826C15D00E108DE /* APIService.swift in Sources */ = {isa = PBXBuildFile; fileRef = 1CC9C1B02826C15D00E108DE /* APIService.swift */; };
		1CC9C1B32826C18900E108DE /* Bundle++Extension.swift in Sources */ = {isa = PBXBuildFile; fileRef = 1CC9C1B22826C18900E108DE /* Bundle++Extension.swift */; };
		1CC9C1B52826C19900E108DE /* APIKEY.plist in Resources */ = {isa = PBXBuildFile; fileRef = 1CC9C1B42826C19900E108DE /* APIKEY.plist */; };
		1CC9C1B72826C1CA00E108DE /* Endpoint.swift in Sources */ = {isa = PBXBuildFile; fileRef = 1CC9C1B62826C1CA00E108DE /* Endpoint.swift */; };
		1CC9C1B92826C20200E108DE /* Book.swift in Sources */ = {isa = PBXBuildFile; fileRef = 1CC9C1B82826C20100E108DE /* Book.swift */; };
		1CC9C1BB2826C30800E108DE /* ViewRepresentable.swift in Sources */ = {isa = PBXBuildFile; fileRef = 1CC9C1BA2826C30800E108DE /* ViewRepresentable.swift */; };
		1CC9C1BD2826C32100E108DE /* FavoritesViewController.swift in Sources */ = {isa = PBXBuildFile; fileRef = 1CC9C1BC2826C32100E108DE /* FavoritesViewController.swift */; };
		1CC9C1BF2826C37300E108DE /* SearchTableVeiwCell.swift in Sources */ = {isa = PBXBuildFile; fileRef = 1CC9C1BE2826C37300E108DE /* SearchTableVeiwCell.swift */; };
		1CC9C1C12826C39200E108DE /* BookInfoView.swift in Sources */ = {isa = PBXBuildFile; fileRef = 1CC9C1C02826C39200E108DE /* BookInfoView.swift */; };
		1CC9C1C92826C46300E108DE /* DetailViewController.swift in Sources */ = {isa = PBXBuildFile; fileRef = 1CC9C1C82826C46300E108DE /* DetailViewController.swift */; };
		1CC9C1CB2826C48700E108DE /* DetailView.swift in Sources */ = {isa = PBXBuildFile; fileRef = 1CC9C1CA2826C48700E108DE /* DetailView.swift */; };
		1CC9C1CD2826C56500E108DE /* String++Extension.swift in Sources */ = {isa = PBXBuildFile; fileRef = 1CC9C1CC2826C56500E108DE /* String++Extension.swift */; };
/* End PBXBuildFile section */

/* Begin PBXFileReference section */
		1CC9C1872826BDFF00E108DE /* BookShelfApp.app */ = {isa = PBXFileReference; explicitFileType = wrapper.application; includeInIndex = 0; path = BookShelfApp.app; sourceTree = BUILT_PRODUCTS_DIR; };
		1CC9C18A2826BDFF00E108DE /* AppDelegate.swift */ = {isa = PBXFileReference; lastKnownFileType = sourcecode.swift; path = AppDelegate.swift; sourceTree = "<group>"; };
		1CC9C18C2826BDFF00E108DE /* SceneDelegate.swift */ = {isa = PBXFileReference; lastKnownFileType = sourcecode.swift; path = SceneDelegate.swift; sourceTree = "<group>"; };
		1CC9C1932826BE0100E108DE /* Assets.xcassets */ = {isa = PBXFileReference; lastKnownFileType = folder.assetcatalog; path = Assets.xcassets; sourceTree = "<group>"; };
		1CC9C1962826BE0100E108DE /* Base */ = {isa = PBXFileReference; lastKnownFileType = file.storyboard; name = Base; path = Base.lproj/LaunchScreen.storyboard; sourceTree = "<group>"; };
		1CC9C1982826BE0100E108DE /* Info.plist */ = {isa = PBXFileReference; lastKnownFileType = text.plist.xml; path = Info.plist; sourceTree = "<group>"; };
		1CC9C1A12826C0D300E108DE /* SearchViewController.swift */ = {isa = PBXFileReference; lastKnownFileType = sourcecode.swift; path = SearchViewController.swift; sourceTree = "<group>"; };
		1CC9C1A32826C0E900E108DE /* BaseViewController.swift */ = {isa = PBXFileReference; lastKnownFileType = sourcecode.swift; path = BaseViewController.swift; sourceTree = "<group>"; };
		1CC9C1A52826C11A00E108DE /* BookListView.swift */ = {isa = PBXFileReference; lastKnownFileType = sourcecode.swift; path = BookListView.swift; sourceTree = "<group>"; };
		1CC9C1B02826C15D00E108DE /* APIService.swift */ = {isa = PBXFileReference; lastKnownFileType = sourcecode.swift; path = APIService.swift; sourceTree = "<group>"; };
		1CC9C1B22826C18900E108DE /* Bundle++Extension.swift */ = {isa = PBXFileReference; lastKnownFileType = sourcecode.swift; path = "Bundle++Extension.swift"; sourceTree = "<group>"; };
		1CC9C1B42826C19900E108DE /* APIKEY.plist */ = {isa = PBXFileReference; lastKnownFileType = text.plist.xml; path = APIKEY.plist; sourceTree = "<group>"; };
		1CC9C1B62826C1CA00E108DE /* Endpoint.swift */ = {isa = PBXFileReference; lastKnownFileType = sourcecode.swift; path = Endpoint.swift; sourceTree = "<group>"; };
		1CC9C1B82826C20100E108DE /* Book.swift */ = {isa = PBXFileReference; lastKnownFileType = sourcecode.swift; path = Book.swift; sourceTree = "<group>"; };
		1CC9C1BA2826C30800E108DE /* ViewRepresentable.swift */ = {isa = PBXFileReference; lastKnownFileType = sourcecode.swift; path = ViewRepresentable.swift; sourceTree = "<group>"; };
		1CC9C1BC2826C32100E108DE /* FavoritesViewController.swift */ = {isa = PBXFileReference; lastKnownFileType = sourcecode.swift; path = FavoritesViewController.swift; sourceTree = "<group>"; };
		1CC9C1BE2826C37300E108DE /* SearchTableVeiwCell.swift */ = {isa = PBXFileReference; lastKnownFileType = sourcecode.swift; path = SearchTableVeiwCell.swift; sourceTree = "<group>"; };
		1CC9C1C02826C39200E108DE /* BookInfoView.swift */ = {isa = PBXFileReference; lastKnownFileType = sourcecode.swift; path = BookInfoView.swift; sourceTree = "<group>"; };
		1CC9C1C82826C46300E108DE /* DetailViewController.swift */ = {isa = PBXFileReference; lastKnownFileType = sourcecode.swift; path = DetailViewController.swift; sourceTree = "<group>"; };
		1CC9C1CA2826C48700E108DE /* DetailView.swift */ = {isa = PBXFileReference; lastKnownFileType = sourcecode.swift; path = DetailView.swift; sourceTree = "<group>"; };
		1CC9C1CC2826C56500E108DE /* String++Extension.swift */ = {isa = PBXFileReference; lastKnownFileType = sourcecode.swift; path = "String++Extension.swift"; sourceTree = "<group>"; };
/* End PBXFileReference section */

/* Begin PBXFrameworksBuildPhase section */
		1CC9C1842826BDFF00E108DE /* Frameworks */ = {
			isa = PBXFrameworksBuildPhase;
			buildActionMask = 2147483647;
			files = (
				1CC9C1AF2826C14F00E108DE /* Alamofire in Frameworks */,
				1CC9C1AC2826C13A00E108DE /* Kingfisher in Frameworks */,
				1CC9C1A92826C12E00E108DE /* SnapKit in Frameworks */,
			);
			runOnlyForDeploymentPostprocessing = 0;
		};
/* End PBXFrameworksBuildPhase section */

/* Begin PBXGroup section */
		1CC9C17E2826BDFF00E108DE = {
			isa = PBXGroup;
			children = (
				1CC9C1892826BDFF00E108DE /* BookShelfApp */,
				1CC9C1882826BDFF00E108DE /* Products */,
			);
			sourceTree = "<group>";
		};
		1CC9C1882826BDFF00E108DE /* Products */ = {
			isa = PBXGroup;
			children = (
				1CC9C1872826BDFF00E108DE /* BookShelfApp.app */,
			);
			name = Products;
			sourceTree = "<group>";
		};
		1CC9C1892826BDFF00E108DE /* BookShelfApp */ = {
			isa = PBXGroup;
			children = (
				1CC9C1A02826C06E00E108DE /* Resources */,
				1CC9C19F2826C06B00E108DE /* Sources */,
				1CC9C19E2826C05E00E108DE /* Supporting Files */,
			);
			path = BookShelfApp;
			sourceTree = "<group>";
		};
		1CC9C19E2826C05E00E108DE /* Supporting Files */ = {
			isa = PBXGroup;
			children = (
				1CC9C1982826BE0100E108DE /* Info.plist */,
				1CC9C1B42826C19900E108DE /* APIKEY.plist */,
			);
			path = "Supporting Files";
			sourceTree = "<group>";
		};
		1CC9C19F2826C06B00E108DE /* Sources */ = {
			isa = PBXGroup;
			children = (
				1CC9C18A2826BDFF00E108DE /* AppDelegate.swift */,
				1CC9C18C2826BDFF00E108DE /* SceneDelegate.swift */,
				1CC9C1C62826C3E400E108DE /* Protocol */,
				1CC9C1C52826C3D900E108DE /* Extensions */,
				1CC9C1C42826C3CA00E108DE /* Services */,
				1CC9C1C72826C3EC00E108DE /* Model */,
				1CC9C1C22826C3B000E108DE /* Views */,
				1CC9C1C32826C3BC00E108DE /* Controllers */,
			);
			path = Sources;
			sourceTree = "<group>";
		};
		1CC9C1A02826C06E00E108DE /* Resources */ = {
			isa = PBXGroup;
			children = (
				1CC9C1932826BE0100E108DE /* Assets.xcassets */,
				1CC9C1952826BE0100E108DE /* LaunchScreen.storyboard */,
			);
			path = Resources;
			sourceTree = "<group>";
		};
		1CC9C1C22826C3B000E108DE /* Views */ = {
			isa = PBXGroup;
			children = (
				1CC9C1A52826C11A00E108DE /* BookListView.swift */,
				1CC9C1CA2826C48700E108DE /* DetailView.swift */,
				1CC9C1BE2826C37300E108DE /* SearchTableVeiwCell.swift */,
				1CC9C1C02826C39200E108DE /* BookInfoView.swift */,
			);
			path = Views;
			sourceTree = "<group>";
		};
		1CC9C1C32826C3BC00E108DE /* Controllers */ = {
			isa = PBXGroup;
			children = (
				1CC9C1A12826C0D300E108DE /* SearchViewController.swift */,
				1CC9C1C82826C46300E108DE /* DetailViewController.swift */,
				1CC9C1A32826C0E900E108DE /* BaseViewController.swift */,
				1CC9C1BC2826C32100E108DE /* FavoritesViewController.swift */,
			);
			path = Controllers;
			sourceTree = "<group>";
		};
		1CC9C1C42826C3CA00E108DE /* Services */ = {
			isa = PBXGroup;
			children = (
				1CC9C1B02826C15D00E108DE /* APIService.swift */,
				1CC9C1B62826C1CA00E108DE /* Endpoint.swift */,
			);
			path = Services;
			sourceTree = "<group>";
		};
		1CC9C1C52826C3D900E108DE /* Extensions */ = {
			isa = PBXGroup;
			children = (
				1CC9C1B22826C18900E108DE /* Bundle++Extension.swift */,
				1CC9C1CC2826C56500E108DE /* String++Extension.swift */,
			);
			path = Extensions;
			sourceTree = "<group>";
		};
		1CC9C1C62826C3E400E108DE /* Protocol */ = {
			isa = PBXGroup;
			children = (
				1CC9C1BA2826C30800E108DE /* ViewRepresentable.swift */,
			);
			path = Protocol;
			sourceTree = "<group>";
		};
		1CC9C1C72826C3EC00E108DE /* Model */ = {
			isa = PBXGroup;
			children = (
				1CC9C1B82826C20100E108DE /* Book.swift */,
			);
			path = Model;
			sourceTree = "<group>";
		};
/* End PBXGroup section */

/* Begin PBXNativeTarget section */
		1CC9C1862826BDFF00E108DE /* BookShelfApp */ = {
			isa = PBXNativeTarget;
			buildConfigurationList = 1CC9C19B2826BE0100E108DE /* Build configuration list for PBXNativeTarget "BookShelfApp" */;
			buildPhases = (
				1CC9C1832826BDFF00E108DE /* Sources */,
				1CC9C1842826BDFF00E108DE /* Frameworks */,
				1CC9C1852826BDFF00E108DE /* Resources */,
			);
			buildRules = (
			);
			dependencies = (
			);
			name = BookShelfApp;
			packageProductDependencies = (
				1CC9C1A82826C12E00E108DE /* SnapKit */,
				1CC9C1AB2826C13A00E108DE /* Kingfisher */,
				1CC9C1AE2826C14F00E108DE /* Alamofire */,
			);
			productName = BookShelfApp;
			productReference = 1CC9C1872826BDFF00E108DE /* BookShelfApp.app */;
			productType = "com.apple.product-type.application";
		};
/* End PBXNativeTarget section */

/* Begin PBXProject section */
		1CC9C17F2826BDFF00E108DE /* Project object */ = {
			isa = PBXProject;
			attributes = {
				BuildIndependentTargetsInParallel = 1;
				LastSwiftUpdateCheck = 1330;
				LastUpgradeCheck = 1330;
				TargetAttributes = {
					1CC9C1862826BDFF00E108DE = {
						CreatedOnToolsVersion = 13.3.1;
					};
				};
			};
			buildConfigurationList = 1CC9C1822826BDFF00E108DE /* Build configuration list for PBXProject "BookShelfApp" */;
			compatibilityVersion = "Xcode 13.0";
			developmentRegion = en;
			hasScannedForEncodings = 0;
			knownRegions = (
				en,
				Base,
			);
			mainGroup = 1CC9C17E2826BDFF00E108DE;
			packageReferences = (
				1CC9C1A72826C12E00E108DE /* XCRemoteSwiftPackageReference "SnapKit" */,
				1CC9C1AA2826C13A00E108DE /* XCRemoteSwiftPackageReference "Kingfisher" */,
				1CC9C1AD2826C14F00E108DE /* XCRemoteSwiftPackageReference "Alamofire" */,
			);
			productRefGroup = 1CC9C1882826BDFF00E108DE /* Products */;
			projectDirPath = "";
			projectRoot = "";
			targets = (
				1CC9C1862826BDFF00E108DE /* BookShelfApp */,
			);
		};
/* End PBXProject section */

/* Begin PBXResourcesBuildPhase section */
		1CC9C1852826BDFF00E108DE /* Resources */ = {
			isa = PBXResourcesBuildPhase;
			buildActionMask = 2147483647;
			files = (
				1CC9C1972826BE0100E108DE /* LaunchScreen.storyboard in Resources */,
				1CC9C1942826BE0100E108DE /* Assets.xcassets in Resources */,
				1CC9C1B52826C19900E108DE /* APIKEY.plist in Resources */,
			);
			runOnlyForDeploymentPostprocessing = 0;
		};
/* End PBXResourcesBuildPhase section */

/* Begin PBXSourcesBuildPhase section */
		1CC9C1832826BDFF00E108DE /* Sources */ = {
			isa = PBXSourcesBuildPhase;
			buildActionMask = 2147483647;
			files = (
				1CC9C1A42826C0E900E108DE /* BaseViewController.swift in Sources */,
				1CC9C1B72826C1CA00E108DE /* Endpoint.swift in Sources */,
				1CC9C1B12826C15D00E108DE /* APIService.swift in Sources */,
				1CC9C1A62826C11A00E108DE /* BookListView.swift in Sources */,
				1CC9C1BF2826C37300E108DE /* SearchTableVeiwCell.swift in Sources */,
				1CC9C1BB2826C30800E108DE /* ViewRepresentable.swift in Sources */,
				1CC9C18B2826BDFF00E108DE /* AppDelegate.swift in Sources */,
				1CC9C1A22826C0D300E108DE /* SearchViewController.swift in Sources */,
				1CC9C18D2826BDFF00E108DE /* SceneDelegate.swift in Sources */,
				1CC9C1B92826C20200E108DE /* Book.swift in Sources */,
				1CC9C1BD2826C32100E108DE /* FavoritesViewController.swift in Sources */,
				1CC9C1B32826C18900E108DE /* Bundle++Extension.swift in Sources */,
				1CC9C1CD2826C56500E108DE /* String++Extension.swift in Sources */,
				1CC9C1C12826C39200E108DE /* BookInfoView.swift in Sources */,
				1CC9C1CB2826C48700E108DE /* DetailView.swift in Sources */,
				1CC9C1C92826C46300E108DE /* DetailViewController.swift in Sources */,
			);
			runOnlyForDeploymentPostprocessing = 0;
		};
/* End PBXSourcesBuildPhase section */

/* Begin PBXVariantGroup section */
		1CC9C1952826BE0100E108DE /* LaunchScreen.storyboard */ = {
			isa = PBXVariantGroup;
			children = (
				1CC9C1962826BE0100E108DE /* Base */,
			);
			name = LaunchScreen.storyboard;
			sourceTree = "<group>";
		};
/* End PBXVariantGroup section */

/* Begin XCBuildConfiguration section */
		1CC9C1992826BE0100E108DE /* Debug */ = {
			isa = XCBuildConfiguration;
			buildSettings = {
				ALWAYS_SEARCH_USER_PATHS = NO;
				CLANG_ANALYZER_NONNULL = YES;
				CLANG_ANALYZER_NUMBER_OBJECT_CONVERSION = YES_AGGRESSIVE;
				CLANG_CXX_LANGUAGE_STANDARD = "gnu++17";
				CLANG_ENABLE_MODULES = YES;
				CLANG_ENABLE_OBJC_ARC = YES;
				CLANG_ENABLE_OBJC_WEAK = YES;
				CLANG_WARN_BLOCK_CAPTURE_AUTORELEASING = YES;
				CLANG_WARN_BOOL_CONVERSION = YES;
				CLANG_WARN_COMMA = YES;
				CLANG_WARN_CONSTANT_CONVERSION = YES;
				CLANG_WARN_DEPRECATED_OBJC_IMPLEMENTATIONS = YES;
				CLANG_WARN_DIRECT_OBJC_ISA_USAGE = YES_ERROR;
				CLANG_WARN_DOCUMENTATION_COMMENTS = YES;
				CLANG_WARN_EMPTY_BODY = YES;
				CLANG_WARN_ENUM_CONVERSION = YES;
				CLANG_WARN_INFINITE_RECURSION = YES;
				CLANG_WARN_INT_CONVERSION = YES;
				CLANG_WARN_NON_LITERAL_NULL_CONVERSION = YES;
				CLANG_WARN_OBJC_IMPLICIT_RETAIN_SELF = YES;
				CLANG_WARN_OBJC_LITERAL_CONVERSION = YES;
				CLANG_WARN_OBJC_ROOT_CLASS = YES_ERROR;
				CLANG_WARN_QUOTED_INCLUDE_IN_FRAMEWORK_HEADER = YES;
				CLANG_WARN_RANGE_LOOP_ANALYSIS = YES;
				CLANG_WARN_STRICT_PROTOTYPES = YES;
				CLANG_WARN_SUSPICIOUS_MOVE = YES;
				CLANG_WARN_UNGUARDED_AVAILABILITY = YES_AGGRESSIVE;
				CLANG_WARN_UNREACHABLE_CODE = YES;
				CLANG_WARN__DUPLICATE_METHOD_MATCH = YES;
				COPY_PHASE_STRIP = NO;
				DEBUG_INFORMATION_FORMAT = dwarf;
				ENABLE_STRICT_OBJC_MSGSEND = YES;
				ENABLE_TESTABILITY = YES;
				GCC_C_LANGUAGE_STANDARD = gnu11;
				GCC_DYNAMIC_NO_PIC = NO;
				GCC_NO_COMMON_BLOCKS = YES;
				GCC_OPTIMIZATION_LEVEL = 0;
				GCC_PREPROCESSOR_DEFINITIONS = (
					"DEBUG=1",
					"$(inherited)",
				);
				GCC_WARN_64_TO_32_BIT_CONVERSION = YES;
				GCC_WARN_ABOUT_RETURN_TYPE = YES_ERROR;
				GCC_WARN_UNDECLARED_SELECTOR = YES;
				GCC_WARN_UNINITIALIZED_AUTOS = YES_AGGRESSIVE;
				GCC_WARN_UNUSED_FUNCTION = YES;
				GCC_WARN_UNUSED_VARIABLE = YES;
				IPHONEOS_DEPLOYMENT_TARGET = 15.4;
				MTL_ENABLE_DEBUG_INFO = INCLUDE_SOURCE;
				MTL_FAST_MATH = YES;
				ONLY_ACTIVE_ARCH = YES;
				SDKROOT = iphoneos;
				SWIFT_ACTIVE_COMPILATION_CONDITIONS = DEBUG;
				SWIFT_OPTIMIZATION_LEVEL = "-Onone";
			};
			name = Debug;
		};
		1CC9C19A2826BE0100E108DE /* Release */ = {
			isa = XCBuildConfiguration;
			buildSettings = {
				ALWAYS_SEARCH_USER_PATHS = NO;
				CLANG_ANALYZER_NONNULL = YES;
				CLANG_ANALYZER_NUMBER_OBJECT_CONVERSION = YES_AGGRESSIVE;
				CLANG_CXX_LANGUAGE_STANDARD = "gnu++17";
				CLANG_ENABLE_MODULES = YES;
				CLANG_ENABLE_OBJC_ARC = YES;
				CLANG_ENABLE_OBJC_WEAK = YES;
				CLANG_WARN_BLOCK_CAPTURE_AUTORELEASING = YES;
				CLANG_WARN_BOOL_CONVERSION = YES;
				CLANG_WARN_COMMA = YES;
				CLANG_WARN_CONSTANT_CONVERSION = YES;
				CLANG_WARN_DEPRECATED_OBJC_IMPLEMENTATIONS = YES;
				CLANG_WARN_DIRECT_OBJC_ISA_USAGE = YES_ERROR;
				CLANG_WARN_DOCUMENTATION_COMMENTS = YES;
				CLANG_WARN_EMPTY_BODY = YES;
				CLANG_WARN_ENUM_CONVERSION = YES;
				CLANG_WARN_INFINITE_RECURSION = YES;
				CLANG_WARN_INT_CONVERSION = YES;
				CLANG_WARN_NON_LITERAL_NULL_CONVERSION = YES;
				CLANG_WARN_OBJC_IMPLICIT_RETAIN_SELF = YES;
				CLANG_WARN_OBJC_LITERAL_CONVERSION = YES;
				CLANG_WARN_OBJC_ROOT_CLASS = YES_ERROR;
				CLANG_WARN_QUOTED_INCLUDE_IN_FRAMEWORK_HEADER = YES;
				CLANG_WARN_RANGE_LOOP_ANALYSIS = YES;
				CLANG_WARN_STRICT_PROTOTYPES = YES;
				CLANG_WARN_SUSPICIOUS_MOVE = YES;
				CLANG_WARN_UNGUARDED_AVAILABILITY = YES_AGGRESSIVE;
				CLANG_WARN_UNREACHABLE_CODE = YES;
				CLANG_WARN__DUPLICATE_METHOD_MATCH = YES;
				COPY_PHASE_STRIP = NO;
				DEBUG_INFORMATION_FORMAT = "dwarf-with-dsym";
				ENABLE_NS_ASSERTIONS = NO;
				ENABLE_STRICT_OBJC_MSGSEND = YES;
				GCC_C_LANGUAGE_STANDARD = gnu11;
				GCC_NO_COMMON_BLOCKS = YES;
				GCC_WARN_64_TO_32_BIT_CONVERSION = YES;
				GCC_WARN_ABOUT_RETURN_TYPE = YES_ERROR;
				GCC_WARN_UNDECLARED_SELECTOR = YES;
				GCC_WARN_UNINITIALIZED_AUTOS = YES_AGGRESSIVE;
				GCC_WARN_UNUSED_FUNCTION = YES;
				GCC_WARN_UNUSED_VARIABLE = YES;
				IPHONEOS_DEPLOYMENT_TARGET = 15.4;
				MTL_ENABLE_DEBUG_INFO = NO;
				MTL_FAST_MATH = YES;
				SDKROOT = iphoneos;
				SWIFT_COMPILATION_MODE = wholemodule;
				SWIFT_OPTIMIZATION_LEVEL = "-O";
				VALIDATE_PRODUCT = YES;
			};
			name = Release;
		};
		1CC9C19C2826BE0100E108DE /* Debug */ = {
			isa = XCBuildConfiguration;
			buildSettings = {
				ASSETCATALOG_COMPILER_APPICON_NAME = AppIcon;
				ASSETCATALOG_COMPILER_GLOBAL_ACCENT_COLOR_NAME = AccentColor;
				CODE_SIGN_STYLE = Automatic;
				CURRENT_PROJECT_VERSION = 1;
				DEVELOPMENT_TEAM = 5LZNHGFB8C;
				GENERATE_INFOPLIST_FILE = YES;
				INFOPLIST_FILE = "BookShelfApp/Supporting Files/Info.plist";
				INFOPLIST_KEY_UIApplicationSupportsIndirectInputEvents = YES;
				INFOPLIST_KEY_UILaunchStoryboardName = LaunchScreen;
				INFOPLIST_KEY_UISupportedInterfaceOrientations_iPad = "UIInterfaceOrientationPortrait UIInterfaceOrientationPortraitUpsideDown UIInterfaceOrientationLandscapeLeft UIInterfaceOrientationLandscapeRight";
				INFOPLIST_KEY_UISupportedInterfaceOrientations_iPhone = "UIInterfaceOrientationPortrait UIInterfaceOrientationLandscapeLeft UIInterfaceOrientationLandscapeRight";
				IPHONEOS_DEPLOYMENT_TARGET = 15.0;
				LD_RUNPATH_SEARCH_PATHS = (
					"$(inherited)",
					"@executable_path/Frameworks",
				);
				MARKETING_VERSION = 1.0;
				PRODUCT_BUNDLE_IDENTIFIER = KEEN.BookShelfApp;
				PRODUCT_NAME = "$(TARGET_NAME)";
				SWIFT_EMIT_LOC_STRINGS = YES;
				SWIFT_VERSION = 5.0;
				TARGETED_DEVICE_FAMILY = 1;
			};
			name = Debug;
		};
		1CC9C19D2826BE0100E108DE /* Release */ = {
			isa = XCBuildConfiguration;
			buildSettings = {
				ASSETCATALOG_COMPILER_APPICON_NAME = AppIcon;
				ASSETCATALOG_COMPILER_GLOBAL_ACCENT_COLOR_NAME = AccentColor;
				CODE_SIGN_STYLE = Automatic;
				CURRENT_PROJECT_VERSION = 1;
				DEVELOPMENT_TEAM = 5LZNHGFB8C;
				GENERATE_INFOPLIST_FILE = YES;
				INFOPLIST_FILE = "BookShelfApp/Supporting Files/Info.plist";
				INFOPLIST_KEY_UIApplicationSupportsIndirectInputEvents = YES;
				INFOPLIST_KEY_UILaunchStoryboardName = LaunchScreen;
				INFOPLIST_KEY_UISupportedInterfaceOrientations_iPad = "UIInterfaceOrientationPortrait UIInterfaceOrientationPortraitUpsideDown UIInterfaceOrientationLandscapeLeft UIInterfaceOrientationLandscapeRight";
				INFOPLIST_KEY_UISupportedInterfaceOrientations_iPhone = "UIInterfaceOrientationPortrait UIInterfaceOrientationLandscapeLeft UIInterfaceOrientationLandscapeRight";
				IPHONEOS_DEPLOYMENT_TARGET = 15.0;
				LD_RUNPATH_SEARCH_PATHS = (
					"$(inherited)",
					"@executable_path/Frameworks",
				);
				MARKETING_VERSION = 1.0;
				PRODUCT_BUNDLE_IDENTIFIER = KEEN.BookShelfApp;
				PRODUCT_NAME = "$(TARGET_NAME)";
				SWIFT_EMIT_LOC_STRINGS = YES;
				SWIFT_VERSION = 5.0;
				TARGETED_DEVICE_FAMILY = 1;
			};
			name = Release;
		};
/* End XCBuildConfiguration section */

/* Begin XCConfigurationList section */
		1CC9C1822826BDFF00E108DE /* Build configuration list for PBXProject "BookShelfApp" */ = {
			isa = XCConfigurationList;
			buildConfigurations = (
				1CC9C1992826BE0100E108DE /* Debug */,
				1CC9C19A2826BE0100E108DE /* Release */,
			);
			defaultConfigurationIsVisible = 0;
			defaultConfigurationName = Release;
		};
		1CC9C19B2826BE0100E108DE /* Build configuration list for PBXNativeTarget "BookShelfApp" */ = {
			isa = XCConfigurationList;
			buildConfigurations = (
				1CC9C19C2826BE0100E108DE /* Debug */,
				1CC9C19D2826BE0100E108DE /* Release */,
			);
			defaultConfigurationIsVisible = 0;
			defaultConfigurationName = Release;
		};
/* End XCConfigurationList section */

/* Begin XCRemoteSwiftPackageReference section */
		1CC9C1A72826C12E00E108DE /* XCRemoteSwiftPackageReference "SnapKit" */ = {
			isa = XCRemoteSwiftPackageReference;
			repositoryURL = "https://github.com/SnapKit/SnapKit.git";
			requirement = {
				kind = upToNextMajorVersion;
				minimumVersion = 5.0.0;
			};
		};
		1CC9C1AA2826C13A00E108DE /* XCRemoteSwiftPackageReference "Kingfisher" */ = {
			isa = XCRemoteSwiftPackageReference;
			repositoryURL = "https://github.com/onevcat/Kingfisher";
			requirement = {
				kind = upToNextMajorVersion;
				minimumVersion = 7.0.0;
			};
		};
		1CC9C1AD2826C14F00E108DE /* XCRemoteSwiftPackageReference "Alamofire" */ = {
			isa = XCRemoteSwiftPackageReference;
			repositoryURL = "https://github.com/Alamofire/Alamofire.git";
			requirement = {
				kind = upToNextMajorVersion;
				minimumVersion = 5.0.0;
			};
		};
/* End XCRemoteSwiftPackageReference section */

/* Begin XCSwiftPackageProductDependency section */
		1CC9C1A82826C12E00E108DE /* SnapKit */ = {
			isa = XCSwiftPackageProductDependency;
			package = 1CC9C1A72826C12E00E108DE /* XCRemoteSwiftPackageReference "SnapKit" */;
			productName = SnapKit;
		};
		1CC9C1AB2826C13A00E108DE /* Kingfisher */ = {
			isa = XCSwiftPackageProductDependency;
			package = 1CC9C1AA2826C13A00E108DE /* XCRemoteSwiftPackageReference "Kingfisher" */;
			productName = Kingfisher;
		};
		1CC9C1AE2826C14F00E108DE /* Alamofire */ = {
			isa = XCSwiftPackageProductDependency;
			package = 1CC9C1AD2826C14F00E108DE /* XCRemoteSwiftPackageReference "Alamofire" */;
			productName = Alamofire;
		};
/* End XCSwiftPackageProductDependency section */
	};
	rootObject = 1CC9C17F2826BDFF00E108DE /* Project object */;
}
